
Microsoft Visual Studio Solution File, Format Version 12.00
# Visual Studio Version 17
VisualStudioVersion = 17.0.31912.275
MinimumVisualStudioVersion = 10.0.40219.1
Project("{FAE04EC0-301F-11D3-BF4B-00C04F79EFBC}") = "EventStore.Repository.Snapshots.MSSQLServer", "EventStore.Repository.Snapshots.MSSQLServer\EventStore.Repository.Snapshots.MSSQLServer.csproj", "{B3BB5C9A-81C6-49D1-A5C9-25CB24B8A559}"
EndProject
Global
	GlobalSection(SolutionConfigurationPlatforms) = preSolution
		Debug|Any CPU = Debug|Any CPU
		Release|Any CPU = Release|Any CPU
	EndGlobalSection
	GlobalSection(ProjectConfigurationPlatforms) = postSolution
		{B3BB5C9A-81C6-49D1-A5C9-25CB24B8A559}.Debug|Any CPU.ActiveCfg = Debug|Any CPU
		{B3BB5C9A-81C6-49D1-A5C9-25CB24B8A559}.Debug|Any CPU.Build.0 = Debug|Any CPU
		{B3BB5C9A-81C6-49D1-A5C9-25CB24B8A559}.Release|Any CPU.ActiveCfg = Release|Any CPU
		{B3BB5C9A-81C6-49D1-A5C9-25CB24B8A559}.Release|Any CPU.Build.0 = Release|Any CPU
	EndGlobalSection
	GlobalSection(SolutionProperties) = preSolution
		HideSolutionNode = FALSE
	EndGlobalSection
	GlobalSection(ExtensibilityGlobals) = postSolution
		SolutionGuid = {B0295B71-808C-48BC-AEB7-5194C463B4B3}
	EndGlobalSection
EndGlobal
